
Microsoft Visual Studio Solution File, Format Version 12.00
# Visual Studio 14
VisualStudioVersion = 14.0.25420.1
MinimumVisualStudioVersion = 10.0.40219.1
Project("{FAE04EC0-301F-11D3-BF4B-00C04F79EFBC}") = "MVC.UI", "MVC.UI\MVC.UI.csproj", "{0088EE57-08DC-4C49-9B3C-746915392B8A}"
EndProject
Project("{FAE04EC0-301F-11D3-BF4B-00C04F79EFBC}") = "Infrastructure", "Infrastructure\Infrastructure.csproj", "{1C360E5B-C57C-487D-8790-0F5F4AC98808}"
EndProject
Project("{FAE04EC0-301F-11D3-BF4B-00C04F79EFBC}") = "MVC.Repository", "MVC.Repository\MVC.Repository.csproj", "{5EB93ACF-2939-4A29-9F37-95C1E2C6EA1C}"
EndProject
Project("{FAE04EC0-301F-11D3-BF4B-00C04F79EFBC}") = "MVC.App", "MVC.App\MVC.App.csproj", "{D2CD4BC7-F397-48FC-93D6-BA1CB797492B}"
EndProject
Project("{FAE04EC0-301F-11D3-BF4B-00C04F79EFBC}") = "MVC.WebApi", "MVC.WebApi\MVC.WebApi.csproj", "{465FD1EB-ABEE-4555-B4FF-D9C0ACCB70F2}"
EndProject
Project("{2150E333-8FDC-42A3-9474-1A3956D46DE8}") = "基础功能", "基础功能", "{D15716EB-584A-41FF-91BE-135A3370BA1A}"
EndProject
Project("{2150E333-8FDC-42A3-9474-1A3956D46DE8}") = "应用层", "应用层", "{1B25227A-462B-4EDD-A4CA-9826EC138123}"
EndProject
Project("{2150E333-8FDC-42A3-9474-1A3956D46DE8}") = "用户UI", "用户UI", "{86541C42-9D59-4FE7-B1AD-627F0C709E9D}"
EndProject
Global
	GlobalSection(SolutionConfigurationPlatforms) = preSolution
		Debug|Any CPU = Debug|Any CPU
		Release|Any CPU = Release|Any CPU
	EndGlobalSection
	GlobalSection(ProjectConfigurationPlatforms) = postSolution
		{0088EE57-08DC-4C49-9B3C-746915392B8A}.Debug|Any CPU.ActiveCfg = Debug|Any CPU
		{0088EE57-08DC-4C49-9B3C-746915392B8A}.Debug|Any CPU.Build.0 = Debug|Any CPU
		{0088EE57-08DC-4C49-9B3C-746915392B8A}.Release|Any CPU.ActiveCfg = Release|Any CPU
		{0088EE57-08DC-4C49-9B3C-746915392B8A}.Release|Any CPU.Build.0 = Release|Any CPU
		{1C360E5B-C57C-487D-8790-0F5F4AC98808}.Debug|Any CPU.ActiveCfg = Debug|Any CPU
		{1C360E5B-C57C-487D-8790-0F5F4AC98808}.Debug|Any CPU.Build.0 = Debug|Any CPU
		{1C360E5B-C57C-487D-8790-0F5F4AC98808}.Release|Any CPU.ActiveCfg = Release|Any CPU
		{1C360E5B-C57C-487D-8790-0F5F4AC98808}.Release|Any CPU.Build.0 = Release|Any CPU
		{5EB93ACF-2939-4A29-9F37-95C1E2C6EA1C}.Debug|Any CPU.ActiveCfg = Debug|Any CPU
		{5EB93ACF-2939-4A29-9F37-95C1E2C6EA1C}.Debug|Any CPU.Build.0 = Debug|Any CPU
		{5EB93ACF-2939-4A29-9F37-95C1E2C6EA1C}.Release|Any CPU.ActiveCfg = Release|Any CPU
		{5EB93ACF-2939-4A29-9F37-95C1E2C6EA1C}.Release|Any CPU.Build.0 = Release|Any CPU
		{D2CD4BC7-F397-48FC-93D6-BA1CB797492B}.Debug|Any CPU.ActiveCfg = Debug|Any CPU
		{D2CD4BC7-F397-48FC-93D6-BA1CB797492B}.Debug|Any CPU.Build.0 = Debug|Any CPU
		{D2CD4BC7-F397-48FC-93D6-BA1CB797492B}.Release|Any CPU.ActiveCfg = Release|Any CPU
		{D2CD4BC7-F397-48FC-93D6-BA1CB797492B}.Release|Any CPU.Build.0 = Release|Any CPU
		{465FD1EB-ABEE-4555-B4FF-D9C0ACCB70F2}.Debug|Any CPU.ActiveCfg = Debug|Any CPU
		{465FD1EB-ABEE-4555-B4FF-D9C0ACCB70F2}.Debug|Any CPU.Build.0 = Debug|Any CPU
		{465FD1EB-ABEE-4555-B4FF-D9C0ACCB70F2}.Release|Any CPU.ActiveCfg = Release|Any CPU
		{465FD1EB-ABEE-4555-B4FF-D9C0ACCB70F2}.Release|Any CPU.Build.0 = Release|Any CPU
	EndGlobalSection
	GlobalSection(SolutionProperties) = preSolution
		HideSolutionNode = FALSE
	EndGlobalSection
	GlobalSection(NestedProjects) = preSolution
		{0088EE57-08DC-4C49-9B3C-746915392B8A} = {86541C42-9D59-4FE7-B1AD-627F0C709E9D}
		{1C360E5B-C57C-487D-8790-0F5F4AC98808} = {D15716EB-584A-41FF-91BE-135A3370BA1A}
		{5EB93ACF-2939-4A29-9F37-95C1E2C6EA1C} = {D15716EB-584A-41FF-91BE-135A3370BA1A}
		{D2CD4BC7-F397-48FC-93D6-BA1CB797492B} = {1B25227A-462B-4EDD-A4CA-9826EC138123}
		{465FD1EB-ABEE-4555-B4FF-D9C0ACCB70F2} = {86541C42-9D59-4FE7-B1AD-627F0C709E9D}
	EndGlobalSection
EndGlobal
